{
  "name": "Project_CAP_2-cds",
  "version": "1.0.0",
  "lockfileVersion": 3,
  "requires": true,
  "packages": {
    "": {
      "name": "Project_CAP_2-cds",
      "version": "1.0.0",
      "devDependencies": {
        "@sap/cds-dk": "^10.0.1"
      }
    },
    "node_modules/@sap/cds-dk": {
      "version": "10.1.1",
      "resolved": "https://registry.npmjs.org/@sap/cds-dk/-/cds-dk-10.1.1.tgz",
      "integrity": "sha512-1CMWTwBdWOIs+vRZUiDUo+boxCZ4OJf/oaDdXzeoHNgYbZhJhqpGlveO3ZQy2IbSS7/wDIiWlc+tK5x0ddrmLg==",
      "bundleDependencies": [
        "@cap-js/asyncapi",
        "@cap-js/db-service",
        "@cap-js/openapi",
        "@cap-js/sqlite",
        "@eslint/js",
        "@sap/cds",
        "@sap/cds-compiler",
        "@sap/cds-fiori",
        "@sap/cds-mtxs",
        "@sap/hdi",
        "@sap/hdi-deploy",
        "@sap/xsenv",
        "accepts",
        "assert-plus",
        "async",
        "body-parser",
        "braces",
        "bytes",
        "call-bind-apply-helpers",
        "call-bound",
        "clone",
        "content-disposition",
        "content-type",
        "cookie",
        "cookie-signature",
        "core-util-is",
        "debug",
        "depd",
        "dotenv",
        "dunder-proto",
        "ee-first",
        "encodeurl",
        "es-define-property",
        "es-errors",
        "es-object-atoms",
        "escape-html",
        "etag",
        "express",
        "extsprintf",
        "fill-range",
        "finalhandler",
        "forwarded",
        "fresh",
        "function-bind",
        "get-intrinsic",
        "get-proto",
        "gopd",
        "handlebars",
        "has-symbols",
        "hasown",
        "hdb",
        "http-errors",
        "iconv-lite",
        "inherits",
        "ipaddr.js",
        "is-number",
        "is-promise",
        "livereload-js",
        "lz4-wasm-nodejs",
        "math-intrinsics",
        "media-typer",
        "merge-descriptors",
        "micromatch",
        "mime-db",
        "mime-types",
        "minimist",
        "ms",
        "mustache",
        "negotiator",
        "neo-async",
        "node-cache",
        "object-inspect",
        "on-finished",
        "once",
        "parseurl",
        "path-to-regexp",
        "picomatch",
        "pluralize",
        "proxy-addr",
        "qs",
        "range-parser",
        "raw-body",
        "router",
        "safer-buffer",
        "sax",
        "semver",
        "send",
        "serve-static",
        "setprototypeof",
        "side-channel",
        "side-channel-list",
        "side-channel-map",
        "side-channel-weakmap",
        "source-map",
        "statuses",
        "to-regex-range",
        "toidentifier",
        "type-is",
        "uglify-js",
        "unpipe",
        "vary",
        "verror",
        "wordwrap",
        "wrappy",
        "ws",
        "xml-js",
        "yaml"
      ],
      "dev": true,
      "license": "SEE LICENSE IN LICENSE",
      "dependencies": {
        "@cap-js/asyncapi": "^1.1.0",
        "@cap-js/db-service": "*",
        "@cap-js/openapi": "^1.0.0",
        "@cap-js/sqlite": "^3",
        "@sap/cds": "^10",
        "@sap/cds-compiler": "*",
        "@sap/cds-fiori": "*",
        "@sap/cds-mtxs": "^4",
        "@sap/hdi": "*",
        "@sap/hdi-deploy": "^5",
        "@sap/xsenv": "*",
        "accepts": "*",
        "assert-plus": "*",
        "async": "*",
        "body-parser": "*",
        "braces": "*",
        "bytes": "*",
        "call-bind-apply-helpers": "*",
        "call-bound": "*",
        "clone": "*",
        "content-disposition": "*",
        "content-type": "*",
        "cookie": "*",
        "cookie-signature": "*",
        "core-util-is": "*",
        "debug": "*",
        "depd": "*",
        "dotenv": "*",
        "dunder-proto": "*",
        "ee-first": "*",
        "encodeurl": "*",
        "es-define-property": "*",
        "es-errors": "*",
        "es-object-atoms": "*",
        "escape-html": "*",
        "etag": "*",
        "express": "^5",
        "extsprintf": "*",
        "fill-range": "*",
        "finalhandler": "*",
        "forwarded": "*",
        "fresh": "*",
        "function-bind": "*",
        "get-intrinsic": "*",
        "get-proto": "*",
        "gopd": "*",
        "handlebars": "*",
        "has-symbols": "*",
        "hasown": "*",
        "hdb": "^2.0.0",
        "http-errors": "*",
        "iconv-lite": "*",
        "inherits": "*",
        "ipaddr.js": "*",
        "is-number": "*",
        "is-promise": "*",
        "livereload-js": "^4.0.1",
        "lz4-wasm-nodejs": "*",
        "math-intrinsics": "*",
        "media-typer": "*",
        "merge-descriptors": "*",
        "micromatch": "*",
        "mime-db": "*",
        "mime-types": "*",
        "minimist": "*",
        "ms": "*",
        "mustache": "^4.0.1",
        "negotiator": "*",
        "neo-async": "*",
        "node-cache": "*",
        "object-inspect": "*",
        "on-finished": "*",
        "once": "*",
        "parseurl": "*",
        "path-to-regexp": "*",
        "picomatch": "*",
        "pluralize": "*",
        "proxy-addr": "*",
        "qs": "*",
        "range-parser": "*",
        "raw-body": "*",
        "router": "*",
        "safer-buffer": "*",
        "sax": "*",
        "semver": "^7",
        "send": "*",
        "serve-static": "*",
        "setprototypeof": "*",
        "side-channel": "*",
        "side-channel-list": "*",
        "side-channel-map": "*",
        "side-channel-weakmap": "*",
        "source-map": "*",
        "statuses": "*",
        "to-regex-range": "*",
        "toidentifier": "*",
        "type-is": "*",
        "uglify-js": "*",
        "unpipe": "*",
        "vary": "*",
        "verror": "*",
        "wordwrap": "*",
        "wrappy": "*",
        "ws": "^8.4.2",
        "xml-js": "^1.6.11",
        "yaml": "^2"
      },
      "bin": {
        "cds": "bin/cds.js",
        "cds-ts": "bin/cds-ts.js",
        "cds-tsx": "bin/cds-tsx.js"
      },
      "optionalDependencies": {
        "@eslint/js": "^9 || ^10"
      }
    }
  }
}
